Microsoft Visual Studio Solution File, Format Version 12.00
# Visual Studio 16
Project("{2150E333-8FDC-42A3-9474-1A3956D46DE8}") = "CMakePredefinedTargets", "CMakePredefinedTargets", "{B42CDB48-33DF-3ADC-A3BF-A954496A3848}"
EndProject
Project("{2150E333-8FDC-42A3-9474-1A3956D46DE8}") = "Documentation", "Documentation", "{7284D056-F46B-3050-BD13-D1442254AC5B}"
EndProject
Project("{2150E333-8FDC-42A3-9474-1A3956D46DE8}") = "Library", "Library", "{1ECF7DFE-22C9-398B-9595-43A0FE308BD7}"
EndProject
Project("{2150E333-8FDC-42A3-9474-1A3956D46DE8}") = "Samples", "Samples", "{8CC95A53-3FD1-321E-A0FD-0918F14ED9DA}"
EndProject
Project("{2150E333-8FDC-42A3-9474-1A3956D46DE8}") = "Tests", "Tests", "{1ABFD756-B60C-381A-BB96-0067AB022EEB}"
EndProject
Project("{8BC9CEB8-8B4A-11D0-8D11-00A0C91BC942}") = "ALL_BUILD", "ALL_BUILD.vcxproj", "{E7A9BC56-9750-3CFA-87FB-5A00841688EC}"
	ProjectSection(ProjectDependencies) = postProject
		{5169DA6C-BBB7-39D9-94E8-CF4ACA98552D} = {5169DA6C-BBB7-39D9-94E8-CF4ACA98552D}
		{BA66FA75-88E1-35C1-A0E5-D0679F8BBB3B} = {BA66FA75-88E1-35C1-A0E5-D0679F8BBB3B}
		{BDF14856-1FFA-3E5D-87CF-45FE060F0809} = {BDF14856-1FFA-3E5D-87CF-45FE060F0809}
		{68EE6B65-544F-36EE-8F84-70E9D410205E} = {68EE6B65-544F-36EE-8F84-70E9D410205E}
		{CA145DF9-BF99-3FBA-90AF-4FC195CF7947} = {CA145DF9-BF99-3FBA-90AF-4FC195CF7947}
		{A6142016-36F2-3F48-8B49-27ABFA3116C8} = {A6142016-36F2-3F48-8B49-27ABFA3116C8}
		{8E3EC5BF-B88E-375F-A7D6-C707DF7300E0} = {8E3EC5BF-B88E-375F-A7D6-C707DF7300E0}
		{9459AFB6-B255-3E8F-B8C3-37C1339B7B13} = {9459AFB6-B255-3E8F-B8C3-37C1339B7B13}
		{D2D5BDA0-C2EA-3FE7-8828-487B8A18865C} = {D2D5BDA0-C2EA-3FE7-8828-487B8A18865C}
		{BE4A3BA5-20A5-306A-830A-F2E6D6830F54} = {BE4A3BA5-20A5-306A-830A-F2E6D6830F54}
		{AB558A3C-9AB7-340A-B75C-23C082035342} = {AB558A3C-9AB7-340A-B75C-23C082035342}
		{CA4DD269-3203-34E0-AC6D-562D7D306B0B} = {CA4DD269-3203-34E0-AC6D-562D7D306B0B}
		{BDD51E12-FCBC-3788-A1CD-432AF15C55C8} = {BDD51E12-FCBC-3788-A1CD-432AF15C55C8}
		{2B3AA5A8-7DA9-3EFF-BDA3-11B4B681B7A5} = {2B3AA5A8-7DA9-3EFF-BDA3-11B4B681B7A5}
		{7D7E687B-E08D-3DF0-A1EC-9FA5068D7B56} = {7D7E687B-E08D-3DF0-A1EC-9FA5068D7B56}
		{DCFFE58F-837D-3B19-A729-1587EEA49862} = {DCFFE58F-837D-3B19-A729-1587EEA49862}
		{0D8ED2EC-E0CA-3F71-846D-4400382CA119} = {0D8ED2EC-E0CA-3F71-846D-4400382CA119}
		{2B324B08-A989-3C93-840C-B5D53D20D1C5} = {2B324B08-A989-3C93-840C-B5D53D20D1C5}
		{985BB5E7-D937-3D5C-AF30-1DA868EDA375} = {985BB5E7-D937-3D5C-AF30-1DA868EDA375}
		{822305A4-D2BE-3EE0-887A-D057E49DAE35} = {822305A4-D2BE-3EE0-887A-D057E49DAE35}
		{AC38F807-265D-3355-B670-1F79B3FC1E6F} = {AC38F807-265D-3355-B670-1F79B3FC1E6F}
		{7DF0DBEC-362F-300F-8A65-3B1CFE82EE73} = {7DF0DBEC-362F-300F-8A65-3B1CFE82EE73}
		{20CE0282-3D28-31C1-9A76-8EB95ED0F98A} = {20CE0282-3D28-31C1-9A76-8EB95ED0F98A}
		{B29F2CD4-9F18-3DD9-981E-89113BA1347D} = {B29F2CD4-9F18-3DD9-981E-89113BA1347D}
		{15A9DEA2-A08B-3ACB-8822-8D4F07C80301} = {15A9DEA2-A08B-3ACB-8822-8D4F07C80301}
		{FE8CA51B-E3B6-34FB-BE4F-076C32191F8A} = {FE8CA51B-E3B6-34FB-BE4F-076C32191F8A}
		{8BF966DB-9FDD-35B1-8119-C10EBD6FA9CD} = {8BF966DB-9FDD-35B1-8119-C10EBD6FA9CD}
		{2462184C-9A3E-3C7A-81E9-473611A77B99} = {2462184C-9A3E-3C7A-81E9-473611A77B99}
		{71F9DC37-1D76-3C15-86F3-040B5C8C252E} = {71F9DC37-1D76-3C15-86F3-040B5C8C252E}
		{F6CE9E1A-9042-30F6-B29F-B3F322AB8C3E} = {F6CE9E1A-9042-30F6-B29F-B3F322AB8C3E}
		{BF5A4DB2-6B48-39E2-BF36-8DAADCF20430} = {BF5A4DB2-6B48-39E2-BF36-8DAADCF20430}
		{9CC4E508-2C96-3D88-B771-CE269EBE80F8} = {9CC4E508-2C96-3D88-B771-CE269EBE80F8}
		{939C8D65-49BB-302B-8302-9CE539B54D66} = {939C8D65-49BB-302B-8302-9CE539B54D66}
	EndProjectSection
EndProject
Project("{8BC9CEB8-8B4A-11D0-8D11-00A0C91BC942}") = "Char16Test", "tests\Char16Test.vcxproj", "{5169DA6C-BBB7-39D9-94E8-CF4ACA98552D}"
	ProjectSection(ProjectDependencies) = postProject
		{9CC4E508-2C96-3D88-B771-CE269EBE80F8} = {9CC4E508-2C96-3D88-B771-CE269EBE80F8}
		{939C8D65-49BB-302B-8302-9CE539B54D66} = {939C8D65-49BB-302B-8302-9CE539B54D66}
	EndProjectSection
EndProject
Project("{8BC9CEB8-8B4A-11D0-8D11-00A0C91BC942}") = "CreateDOMDocument", "samples\CreateDOMDocument.vcxproj", "{BA66FA75-88E1-35C1-A0E5-D0679F8BBB3B}"
	ProjectSection(ProjectDependencies) = postProject
		{9CC4E508-2C96-3D88-B771-CE269EBE80F8} = {9CC4E508-2C96-3D88-B771-CE269EBE80F8}
		{939C8D65-49BB-302B-8302-9CE539B54D66} = {939C8D65-49BB-302B-8302-9CE539B54D66}
	EndProjectSection
EndProject
Project("{8BC9CEB8-8B4A-11D0-8D11-00A0C91BC942}") = "DOMCount", "samples\DOMCount.vcxproj", "{BDF14856-1FFA-3E5D-87CF-45FE060F0809}"
	ProjectSection(ProjectDependencies) = postProject
		{9CC4E508-2C96-3D88-B771-CE269EBE80F8} = {9CC4E508-2C96-3D88-B771-CE269EBE80F8}
		{939C8D65-49BB-302B-8302-9CE539B54D66} = {939C8D65-49BB-302B-8302-9CE539B54D66}
	EndProjectSection
EndProject
Project("{8BC9CEB8-8B4A-11D0-8D11-00A0C91BC942}") = "DOMMemTest", "tests\DOMMemTest.vcxproj", "{68EE6B65-544F-36EE-8F84-70E9D410205E}"
	ProjectSection(ProjectDependencies) = postProject
		{9CC4E508-2C96-3D88-B771-CE269EBE80F8} = {9CC4E508-2C96-3D88-B771-CE269EBE80F8}
		{939C8D65-49BB-302B-8302-9CE539B54D66} = {939C8D65-49BB-302B-8302-9CE539B54D66}
	EndProjectSection
EndProject
Project("{8BC9CEB8-8B4A-11D0-8D11-00A0C91BC942}") = "DOMPrint", "samples\DOMPrint.vcxproj", "{CA145DF9-BF99-3FBA-90AF-4FC195CF7947}"
	ProjectSection(ProjectDependencies) = postProject
		{9CC4E508-2C96-3D88-B771-CE269EBE80F8} = {9CC4E508-2C96-3D88-B771-CE269EBE80F8}
		{939C8D65-49BB-302B-8302-9CE539B54D66} = {939C8D65-49BB-302B-8302-9CE539B54D66}
	EndProjectSection
EndProject
Project("{8BC9CEB8-8B4A-11D0-8D11-00A0C91BC942}") = "DOMTest", "tests\DOMTest.vcxproj", "{A6142016-36F2-3F48-8B49-27ABFA3116C8}"
	ProjectSection(ProjectDependencies) = postProject
		{9CC4E508-2C96-3D88-B771-CE269EBE80F8} = {9CC4E508-2C96-3D88-B771-CE269EBE80F8}
		{939C8D65-49BB-302B-8302-9CE539B54D66} = {939C8D65-49BB-302B-8302-9CE539B54D66}
	EndProjectSection
EndProject
Project("{8BC9CEB8-8B4A-11D0-8D11-00A0C91BC942}") = "DOMTraversalTest", "tests\DOMTraversalTest.vcxproj", "{8E3EC5BF-B88E-375F-A7D6-C707DF7300E0}"
	ProjectSection(ProjectDependencies) = postProject
		{9CC4E508-2C96-3D88-B771-CE269EBE80F8} = {9CC4E508-2C96-3D88-B771-CE269EBE80F8}
		{939C8D65-49BB-302B-8302-9CE539B54D66} = {939C8D65-49BB-302B-8302-9CE539B54D66}
	EndProjectSection
EndProject
Project("{8BC9CEB8-8B4A-11D0-8D11-00A0C91BC942}") = "DOMTypeInfoTest", "tests\DOMTypeInfoTest.vcxproj", "{9459AFB6-B255-3E8F-B8C3-37C1339B7B13}"
	ProjectSection(ProjectDependencies) = postProject
		{9CC4E508-2C96-3D88-B771-CE269EBE80F8} = {9CC4E508-2C96-3D88-B771-CE269EBE80F8}
		{939C8D65-49BB-302B-8302-9CE539B54D66} = {939C8D65-49BB-302B-8302-9CE539B54D66}
	EndProjectSection
EndProject
Project("{8BC9CEB8-8B4A-11D0-8D11-00A0C91BC942}") = "EncodingTest", "tests\EncodingTest.vcxproj", "{D2D5BDA0-C2EA-3FE7-8828-487B8A18865C}"
	ProjectSection(ProjectDependencies) = postProject
		{9CC4E508-2C96-3D88-B771-CE269EBE80F8} = {9CC4E508-2C96-3D88-B771-CE269EBE80F8}
		{939C8D65-49BB-302B-8302-9CE539B54D66} = {939C8D65-49BB-302B-8302-9CE539B54D66}
	EndProjectSection
EndProject
Project("{8BC9CEB8-8B4A-11D0-8D11-00A0C91BC942}") = "EnumVal", "samples\EnumVal.vcxproj", "{BE4A3BA5-20A5-306A-830A-F2E6D6830F54}"
	ProjectSection(ProjectDependencies) = postProject
		{9CC4E508-2C96-3D88-B771-CE269EBE80F8} = {9CC4E508-2C96-3D88-B771-CE269EBE80F8}
		{939C8D65-49BB-302B-8302-9CE539B54D66} = {939C8D65-49BB-302B-8302-9CE539B54D66}
	EndProjectSection
EndProject
Project("{8BC9CEB8-8B4A-11D0-8D11-00A0C91BC942}") = "INSTALL", "INSTALL.vcxproj", "{B9D0E28F-B891-30F2-A682-1C7B032E0198}"
	ProjectSection(ProjectDependencies) = postProject
		{E7A9BC56-9750-3CFA-87FB-5A00841688EC} = {E7A9BC56-9750-3CFA-87FB-5A00841688EC}
		{9CC4E508-2C96-3D88-B771-CE269EBE80F8} = {9CC4E508-2C96-3D88-B771-CE269EBE80F8}
	EndProjectSection
EndProject
Project("{8BC9CEB8-8B4A-11D0-8D11-00A0C91BC942}") = "InitTermTest", "tests\InitTermTest.vcxproj", "{AB558A3C-9AB7-340A-B75C-23C082035342}"
	ProjectSection(ProjectDependencies) = postProject
		{9CC4E508-2C96-3D88-B771-CE269EBE80F8} = {9CC4E508-2C96-3D88-B771-CE269EBE80F8}
		{939C8D65-49BB-302B-8302-9CE539B54D66} = {939C8D65-49BB-302B-8302-9CE539B54D66}
	EndProjectSection
EndProject
Project("{8BC9CEB8-8B4A-11D0-8D11-00A0C91BC942}") = "MemHandlerTest", "tests\MemHandlerTest.vcxproj", "{CA4DD269-3203-34E0-AC6D-562D7D306B0B}"
	ProjectSection(ProjectDependencies) = postProject
		{9CC4E508-2C96-3D88-B771-CE269EBE80F8} = {9CC4E508-2C96-3D88-B771-CE269EBE80F8}
		{939C8D65-49BB-302B-8302-9CE539B54D66} = {939C8D65-49BB-302B-8302-9CE539B54D66}
	EndProjectSection
EndProject
Project("{8BC9CEB8-8B4A-11D0-8D11-00A0C91BC942}") = "MemParse", "samples\MemParse.vcxproj", "{BDD51E12-FCBC-3788-A1CD-432AF15C55C8}"
	ProjectSection(ProjectDependencies) = postProject
		{9CC4E508-2C96-3D88-B771-CE269EBE80F8} = {9CC4E508-2C96-3D88-B771-CE269EBE80F8}
		{939C8D65-49BB-302B-8302-9CE539B54D66} = {939C8D65-49BB-302B-8302-9CE539B54D66}
	EndProjectSection
EndProject
Project("{8BC9CEB8-8B4A-11D0-8D11-00A0C91BC942}") = "NetAccessorTest", "tests\NetAccessorTest.vcxproj", "{2B3AA5A8-7DA9-3EFF-BDA3-11B4B681B7A5}"
	ProjectSection(ProjectDependencies) = postProject
		{9CC4E508-2C96-3D88-B771-CE269EBE80F8} = {9CC4E508-2C96-3D88-B771-CE269EBE80F8}
		{939C8D65-49BB-302B-8302-9CE539B54D66} = {939C8D65-49BB-302B-8302-9CE539B54D66}
	EndProjectSection
EndProject
Project("{8BC9CEB8-8B4A-11D0-8D11-00A0C91BC942}") = "Normalizer", "tests\Normalizer.vcxproj", "{7D7E687B-E08D-3DF0-A1EC-9FA5068D7B56}"
	ProjectSection(ProjectDependencies) = postProject
		{9CC4E508-2C96-3D88-B771-CE269EBE80F8} = {9CC4E508-2C96-3D88-B771-CE269EBE80F8}
		{939C8D65-49BB-302B-8302-9CE539B54D66} = {939C8D65-49BB-302B-8302-9CE539B54D66}
	EndProjectSection
EndProject
Project("{8BC9CEB8-8B4A-11D0-8D11-00A0C91BC942}") = "PParse", "samples\PParse.vcxproj", "{DCFFE58F-837D-3B19-A729-1587EEA49862}"
	ProjectSection(ProjectDependencies) = postProject
		{9CC4E508-2C96-3D88-B771-CE269EBE80F8} = {9CC4E508-2C96-3D88-B771-CE269EBE80F8}
		{939C8D65-49BB-302B-8302-9CE539B54D66} = {939C8D65-49BB-302B-8302-9CE539B54D66}
	EndProjectSection
EndProject
Project("{8BC9CEB8-8B4A-11D0-8D11-00A0C91BC942}") = "PSVIWriter", "samples\PSVIWriter.vcxproj", "{0D8ED2EC-E0CA-3F71-846D-4400382CA119}"
	ProjectSection(ProjectDependencies) = postProject
		{9CC4E508-2C96-3D88-B771-CE269EBE80F8} = {9CC4E508-2C96-3D88-B771-CE269EBE80F8}
		{939C8D65-49BB-302B-8302-9CE539B54D66} = {939C8D65-49BB-302B-8302-9CE539B54D66}
	EndProjectSection
EndProject
Project("{8BC9CEB8-8B4A-11D0-8D11-00A0C91BC942}") = "RUN_TESTS", "RUN_TESTS.vcxproj", "{C24CF12F-6CD7-3504-9629-613F8DB7CA38}"
	ProjectSection(ProjectDependencies) = postProject
		{9CC4E508-2C96-3D88-B771-CE269EBE80F8} = {9CC4E508-2C96-3D88-B771-CE269EBE80F8}
	EndProjectSection
EndProject
Project("{8BC9CEB8-8B4A-11D0-8D11-00A0C91BC942}") = "RangeTest", "tests\RangeTest.vcxproj", "{2B324B08-A989-3C93-840C-B5D53D20D1C5}"
	ProjectSection(ProjectDependencies) = postProject
		{9CC4E508-2C96-3D88-B771-CE269EBE80F8} = {9CC4E508-2C96-3D88-B771-CE269EBE80F8}
		{939C8D65-49BB-302B-8302-9CE539B54D66} = {939C8D65-49BB-302B-8302-9CE539B54D66}
	EndProjectSection
EndProject
Project("{8BC9CEB8-8B4A-11D0-8D11-00A0C91BC942}") = "Redirect", "samples\Redirect.vcxproj", "{985BB5E7-D937-3D5C-AF30-1DA868EDA375}"
	ProjectSection(ProjectDependencies) = postProject
		{9CC4E508-2C96-3D88-B771-CE269EBE80F8} = {9CC4E508-2C96-3D88-B771-CE269EBE80F8}
		{939C8D65-49BB-302B-8302-9CE539B54D66} = {939C8D65-49BB-302B-8302-9CE539B54D66}
	EndProjectSection
EndProject
Project("{8BC9CEB8-8B4A-11D0-8D11-00A0C91BC942}") = "SAX2Count", "samples\SAX2Count.vcxproj", "{822305A4-D2BE-3EE0-887A-D057E49DAE35}"
	ProjectSection(ProjectDependencies) = postProject
		{9CC4E508-2C96-3D88-B771-CE269EBE80F8} = {9CC4E508-2C96-3D88-B771-CE269EBE80F8}
		{939C8D65-49BB-302B-8302-9CE539B54D66} = {939C8D65-49BB-302B-8302-9CE539B54D66}
	EndProjectSection
EndProject
Project("{8BC9CEB8-8B4A-11D0-8D11-00A0C91BC942}") = "SAX2Print", "samples\SAX2Print.vcxproj", "{AC38F807-265D-3355-B670-1F79B3FC1E6F}"
	ProjectSection(ProjectDependencies) = postProject
		{9CC4E508-2C96-3D88-B771-CE269EBE80F8} = {9CC4E508-2C96-3D88-B771-CE269EBE80F8}
		{939C8D65-49BB-302B-8302-9CE539B54D66} = {939C8D65-49BB-302B-8302-9CE539B54D66}
	EndProjectSection
EndProject
Project("{8BC9CEB8-8B4A-11D0-8D11-00A0C91BC942}") = "SAXCount", "samples\SAXCount.vcxproj", "{7DF0DBEC-362F-300F-8A65-3B1CFE82EE73}"
	ProjectSection(ProjectDependencies) = postProject
		{9CC4E508-2C96-3D88-B771-CE269EBE80F8} = {9CC4E508-2C96-3D88-B771-CE269EBE80F8}
		{939C8D65-49BB-302B-8302-9CE539B54D66} = {939C8D65-49BB-302B-8302-9CE539B54D66}
	EndProjectSection
EndProject
Project("{8BC9CEB8-8B4A-11D0-8D11-00A0C91BC942}") = "SAXPrint", "samples\SAXPrint.vcxproj", "{20CE0282-3D28-31C1-9A76-8EB95ED0F98A}"
	ProjectSection(ProjectDependencies) = postProject
		{9CC4E508-2C96-3D88-B771-CE269EBE80F8} = {9CC4E508-2C96-3D88-B771-CE269EBE80F8}
		{939C8D65-49BB-302B-8302-9CE539B54D66} = {939C8D65-49BB-302B-8302-9CE539B54D66}
	EndProjectSection
EndProject
Project("{8BC9CEB8-8B4A-11D0-8D11-00A0C91BC942}") = "SCMPrint", "samples\SCMPrint.vcxproj", "{B29F2CD4-9F18-3DD9-981E-89113BA1347D}"
	ProjectSection(ProjectDependencies) = postProject
		{9CC4E508-2C96-3D88-B771-CE269EBE80F8} = {9CC4E508-2C96-3D88-B771-CE269EBE80F8}
		{939C8D65-49BB-302B-8302-9CE539B54D66} = {939C8D65-49BB-302B-8302-9CE539B54D66}
	EndProjectSection
EndProject
Project("{8BC9CEB8-8B4A-11D0-8D11-00A0C91BC942}") = "SEnumVal", "samples\SEnumVal.vcxproj", "{15A9DEA2-A08B-3ACB-8822-8D4F07C80301}"
	ProjectSection(ProjectDependencies) = postProject
		{9CC4E508-2C96-3D88-B771-CE269EBE80F8} = {9CC4E508-2C96-3D88-B771-CE269EBE80F8}
		{939C8D65-49BB-302B-8302-9CE539B54D66} = {939C8D65-49BB-302B-8302-9CE539B54D66}
	EndProjectSection
EndProject
Project("{8BC9CEB8-8B4A-11D0-8D11-00A0C91BC942}") = "StdInParse", "samples\StdInParse.vcxproj", "{FE8CA51B-E3B6-34FB-BE4F-076C32191F8A}"
	ProjectSection(ProjectDependencies) = postProject
		{9CC4E508-2C96-3D88-B771-CE269EBE80F8} = {9CC4E508-2C96-3D88-B771-CE269EBE80F8}
		{939C8D65-49BB-302B-8302-9CE539B54D66} = {939C8D65-49BB-302B-8302-9CE539B54D66}
	EndProjectSection
EndProject
Project("{8BC9CEB8-8B4A-11D0-8D11-00A0C91BC942}") = "ThreadTest", "tests\ThreadTest.vcxproj", "{8BF966DB-9FDD-35B1-8119-C10EBD6FA9CD}"
	ProjectSection(ProjectDependencies) = postProject
		{9CC4E508-2C96-3D88-B771-CE269EBE80F8} = {9CC4E508-2C96-3D88-B771-CE269EBE80F8}
		{939C8D65-49BB-302B-8302-9CE539B54D66} = {939C8D65-49BB-302B-8302-9CE539B54D66}
	EndProjectSection
EndProject
Project("{8BC9CEB8-8B4A-11D0-8D11-00A0C91BC942}") = "XInclude", "samples\XInclude.vcxproj", "{2462184C-9A3E-3C7A-81E9-473611A77B99}"
	ProjectSection(ProjectDependencies) = postProject
		{9CC4E508-2C96-3D88-B771-CE269EBE80F8} = {9CC4E508-2C96-3D88-B771-CE269EBE80F8}
		{939C8D65-49BB-302B-8302-9CE539B54D66} = {939C8D65-49BB-302B-8302-9CE539B54D66}
	EndProjectSection
EndProject
Project("{8BC9CEB8-8B4A-11D0-8D11-00A0C91BC942}") = "XSTSHarness", "tests\XSTSHarness.vcxproj", "{71F9DC37-1D76-3C15-86F3-040B5C8C252E}"
	ProjectSection(ProjectDependencies) = postProject
		{9CC4E508-2C96-3D88-B771-CE269EBE80F8} = {9CC4E508-2C96-3D88-B771-CE269EBE80F8}
		{939C8D65-49BB-302B-8302-9CE539B54D66} = {939C8D65-49BB-302B-8302-9CE539B54D66}
	EndProjectSection
EndProject
Project("{8BC9CEB8-8B4A-11D0-8D11-00A0C91BC942}") = "XSValueTest", "tests\XSValueTest.vcxproj", "{F6CE9E1A-9042-30F6-B29F-B3F322AB8C3E}"
	ProjectSection(ProjectDependencies) = postProject
		{9CC4E508-2C96-3D88-B771-CE269EBE80F8} = {9CC4E508-2C96-3D88-B771-CE269EBE80F8}
		{939C8D65-49BB-302B-8302-9CE539B54D66} = {939C8D65-49BB-302B-8302-9CE539B54D66}
	EndProjectSection
EndProject
Project("{8BC9CEB8-8B4A-11D0-8D11-00A0C91BC942}") = "XSerializerTest", "tests\XSerializerTest.vcxproj", "{BF5A4DB2-6B48-39E2-BF36-8DAADCF20430}"
	ProjectSection(ProjectDependencies) = postProject
		{9CC4E508-2C96-3D88-B771-CE269EBE80F8} = {9CC4E508-2C96-3D88-B771-CE269EBE80F8}
		{939C8D65-49BB-302B-8302-9CE539B54D66} = {939C8D65-49BB-302B-8302-9CE539B54D66}
	EndProjectSection
EndProject
Project("{8BC9CEB8-8B4A-11D0-8D11-00A0C91BC942}") = "ZERO_CHECK", "ZERO_CHECK.vcxproj", "{9CC4E508-2C96-3D88-B771-CE269EBE80F8}"
	ProjectSection(ProjectDependencies) = postProject
	EndProjectSection
EndProject
Project("{8BC9CEB8-8B4A-11D0-8D11-00A0C91BC942}") = "createdocs", "doc\createdocs.vcxproj", "{12A53F1D-BAB4-37F0-83FD-AE2E8239E1AA}"
	ProjectSection(ProjectDependencies) = postProject
		{9CC4E508-2C96-3D88-B771-CE269EBE80F8} = {9CC4E508-2C96-3D88-B771-CE269EBE80F8}
	EndProjectSection
EndProject
Project("{8BC9CEB8-8B4A-11D0-8D11-00A0C91BC942}") = "doc-style", "doc\doc-style.vcxproj", "{3749DA2B-6F84-39D2-84A7-596EDF629E9D}"
	ProjectSection(ProjectDependencies) = postProject
		{9CC4E508-2C96-3D88-B771-CE269EBE80F8} = {9CC4E508-2C96-3D88-B771-CE269EBE80F8}
	EndProjectSection
EndProject
Project("{8BC9CEB8-8B4A-11D0-8D11-00A0C91BC942}") = "doc-xml", "doc\doc-xml.vcxproj", "{85442BC5-94F7-3C97-893C-277492B86C29}"
	ProjectSection(ProjectDependencies) = postProject
		{9CC4E508-2C96-3D88-B771-CE269EBE80F8} = {9CC4E508-2C96-3D88-B771-CE269EBE80F8}
	EndProjectSection
EndProject
Project("{8BC9CEB8-8B4A-11D0-8D11-00A0C91BC942}") = "xerces-c", "src\xerces-c.vcxproj", "{939C8D65-49BB-302B-8302-9CE539B54D66}"
	ProjectSection(ProjectDependencies) = postProject
		{9CC4E508-2C96-3D88-B771-CE269EBE80F8} = {9CC4E508-2C96-3D88-B771-CE269EBE80F8}
	EndProjectSection
EndProject
Project("{8BC9CEB8-8B4A-11D0-8D11-00A0C91BC942}") = "xerces-c-headers", "src\xerces-c-headers.vcxproj", "{EDDB6B48-635E-32D8-9036-2090899B1AB6}"
	ProjectSection(ProjectDependencies) = postProject
		{9CC4E508-2C96-3D88-B771-CE269EBE80F8} = {9CC4E508-2C96-3D88-B771-CE269EBE80F8}
	EndProjectSection
EndProject
Project("{8BC9CEB8-8B4A-11D0-8D11-00A0C91BC942}") = "xerces-c-missing", "src\xerces-c-missing.vcxproj", "{4127EAD9-FBC7-3B5E-87FF-366A6728A560}"
	ProjectSection(ProjectDependencies) = postProject
		{9CC4E508-2C96-3D88-B771-CE269EBE80F8} = {9CC4E508-2C96-3D88-B771-CE269EBE80F8}
	EndProjectSection
EndProject
Global
	GlobalSection(SolutionConfigurationPlatforms) = preSolution
		Debug|x64 = Debug|x64
		Release|x64 = Release|x64
		MinSizeRel|x64 = MinSizeRel|x64
		RelWithDebInfo|x64 = RelWithDebInfo|x64
	EndGlobalSection
	GlobalSection(ProjectConfigurationPlatforms) = postSolution
		{E7A9BC56-9750-3CFA-87FB-5A00841688EC}.Debug|x64.ActiveCfg = Debug|x64
		{E7A9BC56-9750-3CFA-87FB-5A00841688EC}.Debug|x64.Build.0 = Debug|x64
		{E7A9BC56-9750-3CFA-87FB-5A00841688EC}.Release|x64.ActiveCfg = Release|x64
		{E7A9BC56-9750-3CFA-87FB-5A00841688EC}.Release|x64.Build.0 = Release|x64
		{E7A9BC56-9750-3CFA-87FB-5A00841688EC}.MinSizeRel|x64.ActiveCfg = MinSizeRel|x64
		{E7A9BC56-9750-3CFA-87FB-5A00841688EC}.MinSizeRel|x64.Build.0 = MinSizeRel|x64
		{E7A9BC56-9750-3CFA-87FB-5A00841688EC}.RelWithDebInfo|x64.ActiveCfg = RelWithDebInfo|x64
		{E7A9BC56-9750-3CFA-87FB-5A00841688EC}.RelWithDebInfo|x64.Build.0 = RelWithDebInfo|x64
		{5169DA6C-BBB7-39D9-94E8-CF4ACA98552D}.Debug|x64.ActiveCfg = Debug|x64
		{5169DA6C-BBB7-39D9-94E8-CF4ACA98552D}.Debug|x64.Build.0 = Debug|x64
		{5169DA6C-BBB7-39D9-94E8-CF4ACA98552D}.Release|x64.ActiveCfg = Release|x64
		{5169DA6C-BBB7-39D9-94E8-CF4ACA98552D}.Release|x64.Build.0 = Release|x64
		{5169DA6C-BBB7-39D9-94E8-CF4ACA98552D}.MinSizeRel|x64.ActiveCfg = MinSizeRel|x64
		{5169DA6C-BBB7-39D9-94E8-CF4ACA98552D}.MinSizeRel|x64.Build.0 = MinSizeRel|x64
		{5169DA6C-BBB7-39D9-94E8-CF4ACA98552D}.RelWithDebInfo|x64.ActiveCfg = RelWithDebInfo|x64
		{5169DA6C-BBB7-39D9-94E8-CF4ACA98552D}.RelWithDebInfo|x64.Build.0 = RelWithDebInfo|x64
		{BA66FA75-88E1-35C1-A0E5-D0679F8BBB3B}.Debug|x64.ActiveCfg = Debug|x64
		{BA66FA75-88E1-35C1-A0E5-D0679F8BBB3B}.Debug|x64.Build.0 = Debug|x64
		{BA66FA75-88E1-35C1-A0E5-D0679F8BBB3B}.Release|x64.ActiveCfg = Release|x64
		{BA66FA75-88E1-35C1-A0E5-D0679F8BBB3B}.Release|x64.Build.0 = Release|x64
		{BA66FA75-88E1-35C1-A0E5-D0679F8BBB3B}.MinSizeRel|x64.ActiveCfg = MinSizeRel|x64
		{BA66FA75-88E1-35C1-A0E5-D0679F8BBB3B}.MinSizeRel|x64.Build.0 = MinSizeRel|x64
		{BA66FA75-88E1-35C1-A0E5-D0679F8BBB3B}.RelWithDebInfo|x64.ActiveCfg = RelWithDebInfo|x64
		{BA66FA75-88E1-35C1-A0E5-D0679F8BBB3B}.RelWithDebInfo|x64.Build.0 = RelWithDebInfo|x64
		{BDF14856-1FFA-3E5D-87CF-45FE060F0809}.Debug|x64.ActiveCfg = Debug|x64
		{BDF14856-1FFA-3E5D-87CF-45FE060F0809}.Debug|x64.Build.0 = Debug|x64
		{BDF14856-1FFA-3E5D-87CF-45FE060F0809}.Release|x64.ActiveCfg = Release|x64
		{BDF14856-1FFA-3E5D-87CF-45FE060F0809}.Release|x64.Build.0 = Release|x64
		{BDF14856-1FFA-3E5D-87CF-45FE060F0809}.MinSizeRel|x64.ActiveCfg = MinSizeRel|x64
		{BDF14856-1FFA-3E5D-87CF-45FE060F0809}.MinSizeRel|x64.Build.0 = MinSizeRel|x64
		{BDF14856-1FFA-3E5D-87CF-45FE060F0809}.RelWithDebInfo|x64.ActiveCfg = RelWithDebInfo|x64
		{BDF14856-1FFA-3E5D-87CF-45FE060F0809}.RelWithDebInfo|x64.Build.0 = RelWithDebInfo|x64
		{68EE6B65-544F-36EE-8F84-70E9D410205E}.Debug|x64.ActiveCfg = Debug|x64
		{68EE6B65-544F-36EE-8F84-70E9D410205E}.Debug|x64.Build.0 = Debug|x64
		{68EE6B65-544F-36EE-8F84-70E9D410205E}.Release|x64.ActiveCfg = Release|x64
		{68EE6B65-544F-36EE-8F84-70E9D410205E}.Release|x64.Build.0 = Release|x64
		{68EE6B65-544F-36EE-8F84-70E9D410205E}.MinSizeRel|x64.ActiveCfg = MinSizeRel|x64
		{68EE6B65-544F-36EE-8F84-70E9D410205E}.MinSizeRel|x64.Build.0 = MinSizeRel|x64
		{68EE6B65-544F-36EE-8F84-70E9D410205E}.RelWithDebInfo|x64.ActiveCfg = RelWithDebInfo|x64
		{68EE6B65-544F-36EE-8F84-70E9D410205E}.RelWithDebInfo|x64.Build.0 = RelWithDebInfo|x64
		{CA145DF9-BF99-3FBA-90AF-4FC195CF7947}.Debug|x64.ActiveCfg = Debug|x64
		{CA145DF9-BF99-3FBA-90AF-4FC195CF7947}.Debug|x64.Build.0 = Debug|x64
		{CA145DF9-BF99-3FBA-90AF-4FC195CF7947}.Release|x64.ActiveCfg = Release|x64
		{CA145DF9-BF99-3FBA-90AF-4FC195CF7947}.Release|x64.Build.0 = Release|x64
		{CA145DF9-BF99-3FBA-90AF-4FC195CF7947}.MinSizeRel|x64.ActiveCfg = MinSizeRel|x64
		{CA145DF9-BF99-3FBA-90AF-4FC195CF7947}.MinSizeRel|x64.Build.0 = MinSizeRel|x64
		{CA145DF9-BF99-3FBA-90AF-4FC195CF7947}.RelWithDebInfo|x64.ActiveCfg = RelWithDebInfo|x64
		{CA145DF9-BF99-3FBA-90AF-4FC195CF7947}.RelWithDebInfo|x64.Build.0 = RelWithDebInfo|x64
		{A6142016-36F2-3F48-8B49-27ABFA3116C8}.Debug|x64.ActiveCfg = Debug|x64
		{A6142016-36F2-3F48-8B49-27ABFA3116C8}.Debug|x64.Build.0 = Debug|x64
		{A6142016-36F2-3F48-8B49-27ABFA3116C8}.Release|x64.ActiveCfg = Release|x64
		{A6142016-36F2-3F48-8B49-27ABFA3116C8}.Release|x64.Build.0 = Release|x64
		{A6142016-36F2-3F48-8B49-27ABFA3116C8}.MinSizeRel|x64.ActiveCfg = MinSizeRel|x64
		{A6142016-36F2-3F48-8B49-27ABFA3116C8}.MinSizeRel|x64.Build.0 = MinSizeRel|x64
		{A6142016-36F2-3F48-8B49-27ABFA3116C8}.RelWithDebInfo|x64.ActiveCfg = RelWithDebInfo|x64
		{A6142016-36F2-3F48-8B49-27ABFA3116C8}.RelWithDebInfo|x64.Build.0 = RelWithDebInfo|x64
		{8E3EC5BF-B88E-375F-A7D6-C707DF7300E0}.Debug|x64.ActiveCfg = Debug|x64
		{8E3EC5BF-B88E-375F-A7D6-C707DF7300E0}.Debug|x64.Build.0 = Debug|x64
		{8E3EC5BF-B88E-375F-A7D6-C707DF7300E0}.Release|x64.ActiveCfg = Release|x64
		{8E3EC5BF-B88E-375F-A7D6-C707DF7300E0}.Release|x64.Build.0 = Release|x64
		{8E3EC5BF-B88E-375F-A7D6-C707DF7300E0}.MinSizeRel|x64.ActiveCfg = MinSizeRel|x64
		{8E3EC5BF-B88E-375F-A7D6-C707DF7300E0}.MinSizeRel|x64.Build.0 = MinSizeRel|x64
		{8E3EC5BF-B88E-375F-A7D6-C707DF7300E0}.RelWithDebInfo|x64.ActiveCfg = RelWithDebInfo|x64
		{8E3EC5BF-B88E-375F-A7D6-C707DF7300E0}.RelWithDebInfo|x64.Build.0 = RelWithDebInfo|x64
		{9459AFB6-B255-3E8F-B8C3-37C1339B7B13}.Debug|x64.ActiveCfg = Debug|x64
		{9459AFB6-B255-3E8F-B8C3-37C1339B7B13}.Debug|x64.Build.0 = Debug|x64
		{9459AFB6-B255-3E8F-B8C3-37C1339B7B13}.Release|x64.ActiveCfg = Release|x64
		{9459AFB6-B255-3E8F-B8C3-37C1339B7B13}.Release|x64.Build.0 = Release|x64
		{9459AFB6-B255-3E8F-B8C3-37C1339B7B13}.MinSizeRel|x64.ActiveCfg = MinSizeRel|x64
		{9459AFB6-B255-3E8F-B8C3-37C1339B7B13}.MinSizeRel|x64.Build.0 = MinSizeRel|x64
		{9459AFB6-B255-3E8F-B8C3-37C1339B7B13}.RelWithDebInfo|x64.ActiveCfg = RelWithDebInfo|x64
		{9459AFB6-B255-3E8F-B8C3-37C1339B7B13}.RelWithDebInfo|x64.Build.0 = RelWithDebInfo|x64
		{D2D5BDA0-C2EA-3FE7-8828-487B8A18865C}.Debug|x64.ActiveCfg = Debug|x64
		{D2D5BDA0-C2EA-3FE7-8828-487B8A18865C}.Debug|x64.Build.0 = Debug|x64
		{D2D5BDA0-C2EA-3FE7-8828-487B8A18865C}.Release|x64.ActiveCfg = Release|x64
		{D2D5BDA0-C2EA-3FE7-8828-487B8A18865C}.Release|x64.Build.0 = Release|x64
		{D2D5BDA0-C2EA-3FE7-8828-487B8A18865C}.MinSizeRel|x64.ActiveCfg = MinSizeRel|x64
		{D2D5BDA0-C2EA-3FE7-8828-487B8A18865C}.MinSizeRel|x64.Build.0 = MinSizeRel|x64
		{D2D5BDA0-C2EA-3FE7-8828-487B8A18865C}.RelWithDebInfo|x64.ActiveCfg = RelWithDebInfo|x64
		{D2D5BDA0-C2EA-3FE7-8828-487B8A18865C}.RelWithDebInfo|x64.Build.0 = RelWithDebInfo|x64
		{BE4A3BA5-20A5-306A-830A-F2E6D6830F54}.Debug|x64.ActiveCfg = Debug|x64
		{BE4A3BA5-20A5-306A-830A-F2E6D6830F54}.Debug|x64.Build.0 = Debug|x64
		{BE4A3BA5-20A5-306A-830A-F2E6D6830F54}.Release|x64.ActiveCfg = Release|x64
		{BE4A3BA5-20A5-306A-830A-F2E6D6830F54}.Release|x64.Build.0 = Release|x64
		{BE4A3BA5-20A5-306A-830A-F2E6D6830F54}.MinSizeRel|x64.ActiveCfg = MinSizeRel|x64
		{BE4A3BA5-20A5-306A-830A-F2E6D6830F54}.MinSizeRel|x64.Build.0 = MinSizeRel|x64
		{BE4A3BA5-20A5-306A-830A-F2E6D6830F54}.RelWithDebInfo|x64.ActiveCfg = RelWithDebInfo|x64
		{BE4A3BA5-20A5-306A-830A-F2E6D6830F54}.RelWithDebInfo|x64.Build.0 = RelWithDebInfo|x64
		{B9D0E28F-B891-30F2-A682-1C7B032E0198}.Debug|x64.ActiveCfg = Debug|x64
		{B9D0E28F-B891-30F2-A682-1C7B032E0198}.Release|x64.ActiveCfg = Release|x64
		{B9D0E28F-B891-30F2-A682-1C7B032E0198}.MinSizeRel|x64.ActiveCfg = MinSizeRel|x64
		{B9D0E28F-B891-30F2-A682-1C7B032E0198}.RelWithDebInfo|x64.ActiveCfg = RelWithDebInfo|x64
		{AB558A3C-9AB7-340A-B75C-23C082035342}.Debug|x64.ActiveCfg = Debug|x64
		{AB558A3C-9AB7-340A-B75C-23C082035342}.Debug|x64.Build.0 = Debug|x64
		{AB558A3C-9AB7-340A-B75C-23C082035342}.Release|x64.ActiveCfg = Release|x64
		{AB558A3C-9AB7-340A-B75C-23C082035342}.Release|x64.Build.0 = Release|x64
		{AB558A3C-9AB7-340A-B75C-23C082035342}.MinSizeRel|x64.ActiveCfg = MinSizeRel|x64
		{AB558A3C-9AB7-340A-B75C-23C082035342}.MinSizeRel|x64.Build.0 = MinSizeRel|x64
		{AB558A3C-9AB7-340A-B75C-23C082035342}.RelWithDebInfo|x64.ActiveCfg = RelWithDebInfo|x64
		{AB558A3C-9AB7-340A-B75C-23C082035342}.RelWithDebInfo|x64.Build.0 = RelWithDebInfo|x64
		{CA4DD269-3203-34E0-AC6D-562D7D306B0B}.Debug|x64.ActiveCfg = Debug|x64
		{CA4DD269-3203-34E0-AC6D-562D7D306B0B}.Debug|x64.Build.0 = Debug|x64
		{CA4DD269-3203-34E0-AC6D-562D7D306B0B}.Release|x64.ActiveCfg = Release|x64
		{CA4DD269-3203-34E0-AC6D-562D7D306B0B}.Release|x64.Build.0 = Release|x64
		{CA4DD269-3203-34E0-AC6D-562D7D306B0B}.MinSizeRel|x64.ActiveCfg = MinSizeRel|x64
		{CA4DD269-3203-34E0-AC6D-562D7D306B0B}.MinSizeRel|x64.Build.0 = MinSizeRel|x64
		{CA4DD269-3203-34E0-AC6D-562D7D306B0B}.RelWithDebInfo|x64.ActiveCfg = RelWithDebInfo|x64
		{CA4DD269-3203-34E0-AC6D-562D7D306B0B}.RelWithDebInfo|x64.Build.0 = RelWithDebInfo|x64
		{BDD51E12-FCBC-3788-A1CD-432AF15C55C8}.Debug|x64.ActiveCfg = Debug|x64
		{BDD51E12-FCBC-3788-A1CD-432AF15C55C8}.Debug|x64.Build.0 = Debug|x64
		{BDD51E12-FCBC-3788-A1CD-432AF15C55C8}.Release|x64.ActiveCfg = Release|x64
		{BDD51E12-FCBC-3788-A1CD-432AF15C55C8}.Release|x64.Build.0 = Release|x64
		{BDD51E12-FCBC-3788-A1CD-432AF15C55C8}.MinSizeRel|x64.ActiveCfg = MinSizeRel|x64
		{BDD51E12-FCBC-3788-A1CD-432AF15C55C8}.MinSizeRel|x64.Build.0 = MinSizeRel|x64
		{BDD51E12-FCBC-3788-A1CD-432AF15C55C8}.RelWithDebInfo|x64.ActiveCfg = RelWithDebInfo|x64
		{BDD51E12-FCBC-3788-A1CD-432AF15C55C8}.RelWithDebInfo|x64.Build.0 = RelWithDebInfo|x64
		{2B3AA5A8-7DA9-3EFF-BDA3-11B4B681B7A5}.Debug|x64.ActiveCfg = Debug|x64
		{2B3AA5A8-7DA9-3EFF-BDA3-11B4B681B7A5}.Debug|x64.Build.0 = Debug|x64
		{2B3AA5A8-7DA9-3EFF-BDA3-11B4B681B7A5}.Release|x64.ActiveCfg = Release|x64
		{2B3AA5A8-7DA9-3EFF-BDA3-11B4B681B7A5}.Release|x64.Build.0 = Release|x64
		{2B3AA5A8-7DA9-3EFF-BDA3-11B4B681B7A5}.MinSizeRel|x64.ActiveCfg = MinSizeRel|x64
		{2B3AA5A8-7DA9-3EFF-BDA3-11B4B681B7A5}.MinSizeRel|x64.Build.0 = MinSizeRel|x64
		{2B3AA5A8-7DA9-3EFF-BDA3-11B4B681B7A5}.RelWithDebInfo|x64.ActiveCfg = RelWithDebInfo|x64
		{2B3AA5A8-7DA9-3EFF-BDA3-11B4B681B7A5}.RelWithDebInfo|x64.Build.0 = RelWithDebInfo|x64
		{7D7E687B-E08D-3DF0-A1EC-9FA5068D7B56}.Debug|x64.ActiveCfg = Debug|x64
		{7D7E687B-E08D-3DF0-A1EC-9FA5068D7B56}.Debug|x64.Build.0 = Debug|x64
		{7D7E687B-E08D-3DF0-A1EC-9FA5068D7B56}.Release|x64.ActiveCfg = Release|x64
		{7D7E687B-E08D-3DF0-A1EC-9FA5068D7B56}.Release|x64.Build.0 = Release|x64
		{7D7E687B-E08D-3DF0-A1EC-9FA5068D7B56}.MinSizeRel|x64.ActiveCfg = MinSizeRel|x64
		{7D7E687B-E08D-3DF0-A1EC-9FA5068D7B56}.MinSizeRel|x64.Build.0 = MinSizeRel|x64
		{7D7E687B-E08D-3DF0-A1EC-9FA5068D7B56}.RelWithDebInfo|x64.ActiveCfg = RelWithDebInfo|x64
		{7D7E687B-E08D-3DF0-A1EC-9FA5068D7B56}.RelWithDebInfo|x64.Build.0 = RelWithDebInfo|x64
		{DCFFE58F-837D-3B19-A729-1587EEA49862}.Debug|x64.ActiveCfg = Debug|x64
		{DCFFE58F-837D-3B19-A729-1587EEA49862}.Debug|x64.Build.0 = Debug|x64
		{DCFFE58F-837D-3B19-A729-1587EEA49862}.Release|x64.ActiveCfg = Release|x64
		{DCFFE58F-837D-3B19-A729-1587EEA49862}.Release|x64.Build.0 = Release|x64
		{DCFFE58F-837D-3B19-A729-1587EEA49862}.MinSizeRel|x64.ActiveCfg = MinSizeRel|x64
		{DCFFE58F-837D-3B19-A729-1587EEA49862}.MinSizeRel|x64.Build.0 = MinSizeRel|x64
		{DCFFE58F-837D-3B19-A729-1587EEA49862}.RelWithDebInfo|x64.ActiveCfg = RelWithDebInfo|x64
		{DCFFE58F-837D-3B19-A729-1587EEA49862}.RelWithDebInfo|x64.Build.0 = RelWithDebInfo|x64
		{0D8ED2EC-E0CA-3F71-846D-4400382CA119}.Debug|x64.ActiveCfg = Debug|x64
		{0D8ED2EC-E0CA-3F71-846D-4400382CA119}.Debug|x64.Build.0 = Debug|x64
		{0D8ED2EC-E0CA-3F71-846D-4400382CA119}.Release|x64.ActiveCfg = Release|x64
		{0D8ED2EC-E0CA-3F71-846D-4400382CA119}.Release|x64.Build.0 = Release|x64
		{0D8ED2EC-E0CA-3F71-846D-4400382CA119}.MinSizeRel|x64.ActiveCfg = MinSizeRel|x64
		{0D8ED2EC-E0CA-3F71-846D-4400382CA119}.MinSizeRel|x64.Build.0 = MinSizeRel|x64
		{0D8ED2EC-E0CA-3F71-846D-4400382CA119}.RelWithDebInfo|x64.ActiveCfg = RelWithDebInfo|x64
		{0D8ED2EC-E0CA-3F71-846D-4400382CA119}.RelWithDebInfo|x64.Build.0 = RelWithDebInfo|x64
		{C24CF12F-6CD7-3504-9629-613F8DB7CA38}.Debug|x64.ActiveCfg = Debug|x64
		{C24CF12F-6CD7-3504-9629-613F8DB7CA38}.Release|x64.ActiveCfg = Release|x64
		{C24CF12F-6CD7-3504-9629-613F8DB7CA38}.MinSizeRel|x64.ActiveCfg = MinSizeRel|x64
		{C24CF12F-6CD7-3504-9629-613F8DB7CA38}.RelWithDebInfo|x64.ActiveCfg = RelWithDebInfo|x64
		{2B324B08-A989-3C93-840C-B5D53D20D1C5}.Debug|x64.ActiveCfg = Debug|x64
		{2B324B08-A989-3C93-840C-B5D53D20D1C5}.Debug|x64.Build.0 = Debug|x64
		{2B324B08-A989-3C93-840C-B5D53D20D1C5}.Release|x64.ActiveCfg = Release|x64
		{2B324B08-A989-3C93-840C-B5D53D20D1C5}.Release|x64.Build.0 = Release|x64
		{2B324B08-A989-3C93-840C-B5D53D20D1C5}.MinSizeRel|x64.ActiveCfg = MinSizeRel|x64
		{2B324B08-A989-3C93-840C-B5D53D20D1C5}.MinSizeRel|x64.Build.0 = MinSizeRel|x64
		{2B324B08-A989-3C93-840C-B5D53D20D1C5}.RelWithDebInfo|x64.ActiveCfg = RelWithDebInfo|x64
		{2B324B08-A989-3C93-840C-B5D53D20D1C5}.RelWithDebInfo|x64.Build.0 = RelWithDebInfo|x64
		{985BB5E7-D937-3D5C-AF30-1DA868EDA375}.Debug|x64.ActiveCfg = Debug|x64
		{985BB5E7-D937-3D5C-AF30-1DA868EDA375}.Debug|x64.Build.0 = Debug|x64
		{985BB5E7-D937-3D5C-AF30-1DA868EDA375}.Release|x64.ActiveCfg = Release|x64
		{985BB5E7-D937-3D5C-AF30-1DA868EDA375}.Release|x64.Build.0 = Release|x64
		{985BB5E7-D937-3D5C-AF30-1DA868EDA375}.MinSizeRel|x64.ActiveCfg = MinSizeRel|x64
		{985BB5E7-D937-3D5C-AF30-1DA868EDA375}.MinSizeRel|x64.Build.0 = MinSizeRel|x64
		{985BB5E7-D937-3D5C-AF30-1DA868EDA375}.RelWithDebInfo|x64.ActiveCfg = RelWithDebInfo|x64
		{985BB5E7-D937-3D5C-AF30-1DA868EDA375}.RelWithDebInfo|x64.Build.0 = RelWithDebInfo|x64
		{822305A4-D2BE-3EE0-887A-D057E49DAE35}.Debug|x64.ActiveCfg = Debug|x64
		{822305A4-D2BE-3EE0-887A-D057E49DAE35}.Debug|x64.Build.0 = Debug|x64
		{822305A4-D2BE-3EE0-887A-D057E49DAE35}.Release|x64.ActiveCfg = Release|x64
		{822305A4-D2BE-3EE0-887A-D057E49DAE35}.Release|x64.Build.0 = Release|x64
		{822305A4-D2BE-3EE0-887A-D057E49DAE35}.MinSizeRel|x64.ActiveCfg = MinSizeRel|x64
		{822305A4-D2BE-3EE0-887A-D057E49DAE35}.MinSizeRel|x64.Build.0 = MinSizeRel|x64
		{822305A4-D2BE-3EE0-887A-D057E49DAE35}.RelWithDebInfo|x64.ActiveCfg = RelWithDebInfo|x64
		{822305A4-D2BE-3EE0-887A-D057E49DAE35}.RelWithDebInfo|x64.Build.0 = RelWithDebInfo|x64
		{AC38F807-265D-3355-B670-1F79B3FC1E6F}.Debug|x64.ActiveCfg = Debug|x64
		{AC38F807-265D-3355-B670-1F79B3FC1E6F}.Debug|x64.Build.0 = Debug|x64
		{AC38F807-265D-3355-B670-1F79B3FC1E6F}.Release|x64.ActiveCfg = Release|x64
		{AC38F807-265D-3355-B670-1F79B3FC1E6F}.Release|x64.Build.0 = Release|x64
		{AC38F807-265D-3355-B670-1F79B3FC1E6F}.MinSizeRel|x64.ActiveCfg = MinSizeRel|x64
		{AC38F807-265D-3355-B670-1F79B3FC1E6F}.MinSizeRel|x64.Build.0 = MinSizeRel|x64
		{AC38F807-265D-3355-B670-1F79B3FC1E6F}.RelWithDebInfo|x64.ActiveCfg = RelWithDebInfo|x64
		{AC38F807-265D-3355-B670-1F79B3FC1E6F}.RelWithDebInfo|x64.Build.0 = RelWithDebInfo|x64
		{7DF0DBEC-362F-300F-8A65-3B1CFE82EE73}.Debug|x64.ActiveCfg = Debug|x64
		{7DF0DBEC-362F-300F-8A65-3B1CFE82EE73}.Debug|x64.Build.0 = Debug|x64
		{7DF0DBEC-362F-300F-8A65-3B1CFE82EE73}.Release|x64.ActiveCfg = Release|x64
		{7DF0DBEC-362F-300F-8A65-3B1CFE82EE73}.Release|x64.Build.0 = Release|x64
		{7DF0DBEC-362F-300F-8A65-3B1CFE82EE73}.MinSizeRel|x64.ActiveCfg = MinSizeRel|x64
		{7DF0DBEC-362F-300F-8A65-3B1CFE82EE73}.MinSizeRel|x64.Build.0 = MinSizeRel|x64
		{7DF0DBEC-362F-300F-8A65-3B1CFE82EE73}.RelWithDebInfo|x64.ActiveCfg = RelWithDebInfo|x64
		{7DF0DBEC-362F-300F-8A65-3B1CFE82EE73}.RelWithDebInfo|x64.Build.0 = RelWithDebInfo|x64
		{20CE0282-3D28-31C1-9A76-8EB95ED0F98A}.Debug|x64.ActiveCfg = Debug|x64
		{20CE0282-3D28-31C1-9A76-8EB95ED0F98A}.Debug|x64.Build.0 = Debug|x64
		{20CE0282-3D28-31C1-9A76-8EB95ED0F98A}.Release|x64.ActiveCfg = Release|x64
		{20CE0282-3D28-31C1-9A76-8EB95ED0F98A}.Release|x64.Build.0 = Release|x64
		{20CE0282-3D28-31C1-9A76-8EB95ED0F98A}.MinSizeRel|x64.ActiveCfg = MinSizeRel|x64
		{20CE0282-3D28-31C1-9A76-8EB95ED0F98A}.MinSizeRel|x64.Build.0 = MinSizeRel|x64
		{20CE0282-3D28-31C1-9A76-8EB95ED0F98A}.RelWithDebInfo|x64.ActiveCfg = RelWithDebInfo|x64
		{20CE0282-3D28-31C1-9A76-8EB95ED0F98A}.RelWithDebInfo|x64.Build.0 = RelWithDebInfo|x64
		{B29F2CD4-9F18-3DD9-981E-89113BA1347D}.Debug|x64.ActiveCfg = Debug|x64
		{B29F2CD4-9F18-3DD9-981E-89113BA1347D}.Debug|x64.Build.0 = Debug|x64
		{B29F2CD4-9F18-3DD9-981E-89113BA1347D}.Release|x64.ActiveCfg = Release|x64
		{B29F2CD4-9F18-3DD9-981E-89113BA1347D}.Release|x64.Build.0 = Release|x64
		{B29F2CD4-9F18-3DD9-981E-89113BA1347D}.MinSizeRel|x64.ActiveCfg = MinSizeRel|x64
		{B29F2CD4-9F18-3DD9-981E-89113BA1347D}.MinSizeRel|x64.Build.0 = MinSizeRel|x64
		{B29F2CD4-9F18-3DD9-981E-89113BA1347D}.RelWithDebInfo|x64.ActiveCfg = RelWithDebInfo|x64
		{B29F2CD4-9F18-3DD9-981E-89113BA1347D}.RelWithDebInfo|x64.Build.0 = RelWithDebInfo|x64
		{15A9DEA2-A08B-3ACB-8822-8D4F07C80301}.Debug|x64.ActiveCfg = Debug|x64
		{15A9DEA2-A08B-3ACB-8822-8D4F07C80301}.Debug|x64.Build.0 = Debug|x64
		{15A9DEA2-A08B-3ACB-8822-8D4F07C80301}.Release|x64.ActiveCfg = Release|x64
		{15A9DEA2-A08B-3ACB-8822-8D4F07C80301}.Release|x64.Build.0 = Release|x64
		{15A9DEA2-A08B-3ACB-8822-8D4F07C80301}.MinSizeRel|x64.ActiveCfg = MinSizeRel|x64
		{15A9DEA2-A08B-3ACB-8822-8D4F07C80301}.MinSizeRel|x64.Build.0 = MinSizeRel|x64
		{15A9DEA2-A08B-3ACB-8822-8D4F07C80301}.RelWithDebInfo|x64.ActiveCfg = RelWithDebInfo|x64
		{15A9DEA2-A08B-3ACB-8822-8D4F07C80301}.RelWithDebInfo|x64.Build.0 = RelWithDebInfo|x64
		{FE8CA51B-E3B6-34FB-BE4F-076C32191F8A}.Debug|x64.ActiveCfg = Debug|x64
		{FE8CA51B-E3B6-34FB-BE4F-076C32191F8A}.Debug|x64.Build.0 = Debug|x64
		{FE8CA51B-E3B6-34FB-BE4F-076C32191F8A}.Release|x64.ActiveCfg = Release|x64
		{FE8CA51B-E3B6-34FB-BE4F-076C32191F8A}.Release|x64.Build.0 = Release|x64
		{FE8CA51B-E3B6-34FB-BE4F-076C32191F8A}.MinSizeRel|x64.ActiveCfg = MinSizeRel|x64
		{FE8CA51B-E3B6-34FB-BE4F-076C32191F8A}.MinSizeRel|x64.Build.0 = MinSizeRel|x64
		{FE8CA51B-E3B6-34FB-BE4F-076C32191F8A}.RelWithDebInfo|x64.ActiveCfg = RelWithDebInfo|x64
		{FE8CA51B-E3B6-34FB-BE4F-076C32191F8A}.RelWithDebInfo|x64.Build.0 = RelWithDebInfo|x64
		{8BF966DB-9FDD-35B1-8119-C10EBD6FA9CD}.Debug|x64.ActiveCfg = Debug|x64
		{8BF966DB-9FDD-35B1-8119-C10EBD6FA9CD}.Debug|x64.Build.0 = Debug|x64
		{8BF966DB-9FDD-35B1-8119-C10EBD6FA9CD}.Release|x64.ActiveCfg = Release|x64
		{8BF966DB-9FDD-35B1-8119-C10EBD6FA9CD}.Release|x64.Build.0 = Release|x64
		{8BF966DB-9FDD-35B1-8119-C10EBD6FA9CD}.MinSizeRel|x64.ActiveCfg = MinSizeRel|x64
		{8BF966DB-9FDD-35B1-8119-C10EBD6FA9CD}.MinSizeRel|x64.Build.0 = MinSizeRel|x64
		{8BF966DB-9FDD-35B1-8119-C10EBD6FA9CD}.RelWithDebInfo|x64.ActiveCfg = RelWithDebInfo|x64
		{8BF966DB-9FDD-35B1-8119-C10EBD6FA9CD}.RelWithDebInfo|x64.Build.0 = RelWithDebInfo|x64
		{2462184C-9A3E-3C7A-81E9-473611A77B99}.Debug|x64.ActiveCfg = Debug|x64
		{2462184C-9A3E-3C7A-81E9-473611A77B99}.Debug|x64.Build.0 = Debug|x64
		{2462184C-9A3E-3C7A-81E9-473611A77B99}.Release|x64.ActiveCfg = Release|x64
		{2462184C-9A3E-3C7A-81E9-473611A77B99}.Release|x64.Build.0 = Release|x64
		{2462184C-9A3E-3C7A-81E9-473611A77B99}.MinSizeRel|x64.ActiveCfg = MinSizeRel|x64
		{2462184C-9A3E-3C7A-81E9-473611A77B99}.MinSizeRel|x64.Build.0 = MinSizeRel|x64
		{2462184C-9A3E-3C7A-81E9-473611A77B99}.RelWithDebInfo|x64.ActiveCfg = RelWithDebInfo|x64
		{2462184C-9A3E-3C7A-81E9-473611A77B99}.RelWithDebInfo|x64.Build.0 = RelWithDebInfo|x64
		{71F9DC37-1D76-3C15-86F3-040B5C8C252E}.Debug|x64.ActiveCfg = Debug|x64
		{71F9DC37-1D76-3C15-86F3-040B5C8C252E}.Debug|x64.Build.0 = Debug|x64
		{71F9DC37-1D76-3C15-86F3-040B5C8C252E}.Release|x64.ActiveCfg = Release|x64
		{71F9DC37-1D76-3C15-86F3-040B5C8C252E}.Release|x64.Build.0 = Release|x64
		{71F9DC37-1D76-3C15-86F3-040B5C8C252E}.MinSizeRel|x64.ActiveCfg = MinSizeRel|x64
		{71F9DC37-1D76-3C15-86F3-040B5C8C252E}.MinSizeRel|x64.Build.0 = MinSizeRel|x64
		{71F9DC37-1D76-3C15-86F3-040B5C8C252E}.RelWithDebInfo|x64.ActiveCfg = RelWithDebInfo|x64
		{71F9DC37-1D76-3C15-86F3-040B5C8C252E}.RelWithDebInfo|x64.Build.0 = RelWithDebInfo|x64
		{F6CE9E1A-9042-30F6-B29F-B3F322AB8C3E}.Debug|x64.ActiveCfg = Debug|x64
		{F6CE9E1A-9042-30F6-B29F-B3F322AB8C3E}.Debug|x64.Build.0 = Debug|x64
		{F6CE9E1A-9042-30F6-B29F-B3F322AB8C3E}.Release|x64.ActiveCfg = Release|x64
		{F6CE9E1A-9042-30F6-B29F-B3F322AB8C3E}.Release|x64.Build.0 = Release|x64
		{F6CE9E1A-9042-30F6-B29F-B3F322AB8C3E}.MinSizeRel|x64.ActiveCfg = MinSizeRel|x64
		{F6CE9E1A-9042-30F6-B29F-B3F322AB8C3E}.MinSizeRel|x64.Build.0 = MinSizeRel|x64
		{F6CE9E1A-9042-30F6-B29F-B3F322AB8C3E}.RelWithDebInfo|x64.ActiveCfg = RelWithDebInfo|x64
		{F6CE9E1A-9042-30F6-B29F-B3F322AB8C3E}.RelWithDebInfo|x64.Build.0 = RelWithDebInfo|x64
		{BF5A4DB2-6B48-39E2-BF36-8DAADCF20430}.Debug|x64.ActiveCfg = Debug|x64
		{BF5A4DB2-6B48-39E2-BF36-8DAADCF20430}.Debug|x64.Build.0 = Debug|x64
		{BF5A4DB2-6B48-39E2-BF36-8DAADCF20430}.Release|x64.ActiveCfg = Release|x64
		{BF5A4DB2-6B48-39E2-BF36-8DAADCF20430}.Release|x64.Build.0 = Release|x64
		{BF5A4DB2-6B48-39E2-BF36-8DAADCF20430}.MinSizeRel|x64.ActiveCfg = MinSizeRel|x64
		{BF5A4DB2-6B48-39E2-BF36-8DAADCF20430}.MinSizeRel|x64.Build.0 = MinSizeRel|x64
		{BF5A4DB2-6B48-39E2-BF36-8DAADCF20430}.RelWithDebInfo|x64.ActiveCfg = RelWithDebInfo|x64
		{BF5A4DB2-6B48-39E2-BF36-8DAADCF20430}.RelWithDebInfo|x64.Build.0 = RelWithDebInfo|x64
		{9CC4E508-2C96-3D88-B771-CE269EBE80F8}.Debug|x64.ActiveCfg = Debug|x64
		{9CC4E508-2C96-3D88-B771-CE269EBE80F8}.Debug|x64.Build.0 = Debug|x64
		{9CC4E508-2C96-3D88-B771-CE269EBE80F8}.Release|x64.ActiveCfg = Release|x64
		{9CC4E508-2C96-3D88-B771-CE269EBE80F8}.Release|x64.Build.0 = Release|x64
		{9CC4E508-2C96-3D88-B771-CE269EBE80F8}.MinSizeRel|x64.ActiveCfg = MinSizeRel|x64
		{9CC4E508-2C96-3D88-B771-CE269EBE80F8}.MinSizeRel|x64.Build.0 = MinSizeRel|x64
		{9CC4E508-2C96-3D88-B771-CE269EBE80F8}.RelWithDebInfo|x64.ActiveCfg = RelWithDebInfo|x64
		{9CC4E508-2C96-3D88-B771-CE269EBE80F8}.RelWithDebInfo|x64.Build.0 = RelWithDebInfo|x64
		{12A53F1D-BAB4-37F0-83FD-AE2E8239E1AA}.Debug|x64.ActiveCfg = Debug|x64
		{12A53F1D-BAB4-37F0-83FD-AE2E8239E1AA}.Release|x64.ActiveCfg = Release|x64
		{12A53F1D-BAB4-37F0-83FD-AE2E8239E1AA}.MinSizeRel|x64.ActiveCfg = MinSizeRel|x64
		{12A53F1D-BAB4-37F0-83FD-AE2E8239E1AA}.RelWithDebInfo|x64.ActiveCfg = RelWithDebInfo|x64
		{3749DA2B-6F84-39D2-84A7-596EDF629E9D}.Debug|x64.ActiveCfg = Debug|x64
		{3749DA2B-6F84-39D2-84A7-596EDF629E9D}.Release|x64.ActiveCfg = Release|x64
		{3749DA2B-6F84-39D2-84A7-596EDF629E9D}.MinSizeRel|x64.ActiveCfg = MinSizeRel|x64
		{3749DA2B-6F84-39D2-84A7-596EDF629E9D}.RelWithDebInfo|x64.ActiveCfg = RelWithDebInfo|x64
		{85442BC5-94F7-3C97-893C-277492B86C29}.Debug|x64.ActiveCfg = Debug|x64
		{85442BC5-94F7-3C97-893C-277492B86C29}.Release|x64.ActiveCfg = Release|x64
		{85442BC5-94F7-3C97-893C-277492B86C29}.MinSizeRel|x64.ActiveCfg = MinSizeRel|x64
		{85442BC5-94F7-3C97-893C-277492B86C29}.RelWithDebInfo|x64.ActiveCfg = RelWithDebInfo|x64
		{939C8D65-49BB-302B-8302-9CE539B54D66}.Debug|x64.ActiveCfg = Debug|x64
		{939C8D65-49BB-302B-8302-9CE539B54D66}.Debug|x64.Build.0 = Debug|x64
		{939C8D65-49BB-302B-8302-9CE539B54D66}.Release|x64.ActiveCfg = Release|x64
		{939C8D65-49BB-302B-8302-9CE539B54D66}.Release|x64.Build.0 = Release|x64
		{939C8D65-49BB-302B-8302-9CE539B54D66}.MinSizeRel|x64.ActiveCfg = MinSizeRel|x64
		{939C8D65-49BB-302B-8302-9CE539B54D66}.MinSizeRel|x64.Build.0 = MinSizeRel|x64
		{939C8D65-49BB-302B-8302-9CE539B54D66}.RelWithDebInfo|x64.ActiveCfg = RelWithDebInfo|x64
		{939C8D65-49BB-302B-8302-9CE539B54D66}.RelWithDebInfo|x64.Build.0 = RelWithDebInfo|x64
		{EDDB6B48-635E-32D8-9036-2090899B1AB6}.Debug|x64.ActiveCfg = Debug|x64
		{EDDB6B48-635E-32D8-9036-2090899B1AB6}.Release|x64.ActiveCfg = Release|x64
		{EDDB6B48-635E-32D8-9036-2090899B1AB6}.MinSizeRel|x64.ActiveCfg = MinSizeRel|x64
		{EDDB6B48-635E-32D8-9036-2090899B1AB6}.RelWithDebInfo|x64.ActiveCfg = RelWithDebInfo|x64
		{4127EAD9-FBC7-3B5E-87FF-366A6728A560}.Debug|x64.ActiveCfg = Debug|x64
		{4127EAD9-FBC7-3B5E-87FF-366A6728A560}.Release|x64.ActiveCfg = Release|x64
		{4127EAD9-FBC7-3B5E-87FF-366A6728A560}.MinSizeRel|x64.ActiveCfg = MinSizeRel|x64
		{4127EAD9-FBC7-3B5E-87FF-366A6728A560}.RelWithDebInfo|x64.ActiveCfg = RelWithDebInfo|x64
	EndGlobalSection
	GlobalSection(NestedProjects) = preSolution
		{E7A9BC56-9750-3CFA-87FB-5A00841688EC} = {B42CDB48-33DF-3ADC-A3BF-A954496A3848}
		{B9D0E28F-B891-30F2-A682-1C7B032E0198} = {B42CDB48-33DF-3ADC-A3BF-A954496A3848}
		{C24CF12F-6CD7-3504-9629-613F8DB7CA38} = {B42CDB48-33DF-3ADC-A3BF-A954496A3848}
		{9CC4E508-2C96-3D88-B771-CE269EBE80F8} = {B42CDB48-33DF-3ADC-A3BF-A954496A3848}
		{12A53F1D-BAB4-37F0-83FD-AE2E8239E1AA} = {7284D056-F46B-3050-BD13-D1442254AC5B}
		{3749DA2B-6F84-39D2-84A7-596EDF629E9D} = {7284D056-F46B-3050-BD13-D1442254AC5B}
		{85442BC5-94F7-3C97-893C-277492B86C29} = {7284D056-F46B-3050-BD13-D1442254AC5B}
		{939C8D65-49BB-302B-8302-9CE539B54D66} = {1ECF7DFE-22C9-398B-9595-43A0FE308BD7}
		{EDDB6B48-635E-32D8-9036-2090899B1AB6} = {1ECF7DFE-22C9-398B-9595-43A0FE308BD7}
		{4127EAD9-FBC7-3B5E-87FF-366A6728A560} = {1ECF7DFE-22C9-398B-9595-43A0FE308BD7}
		{BA66FA75-88E1-35C1-A0E5-D0679F8BBB3B} = {8CC95A53-3FD1-321E-A0FD-0918F14ED9DA}
		{BDF14856-1FFA-3E5D-87CF-45FE060F0809} = {8CC95A53-3FD1-321E-A0FD-0918F14ED9DA}
		{CA145DF9-BF99-3FBA-90AF-4FC195CF7947} = {8CC95A53-3FD1-321E-A0FD-0918F14ED9DA}
		{BE4A3BA5-20A5-306A-830A-F2E6D6830F54} = {8CC95A53-3FD1-321E-A0FD-0918F14ED9DA}
		{BDD51E12-FCBC-3788-A1CD-432AF15C55C8} = {8CC95A53-3FD1-321E-A0FD-0918F14ED9DA}
		{DCFFE58F-837D-3B19-A729-1587EEA49862} = {8CC95A53-3FD1-321E-A0FD-0918F14ED9DA}
		{0D8ED2EC-E0CA-3F71-846D-4400382CA119} = {8CC95A53-3FD1-321E-A0FD-0918F14ED9DA}
		{985BB5E7-D937-3D5C-AF30-1DA868EDA375} = {8CC95A53-3FD1-321E-A0FD-0918F14ED9DA}
		{822305A4-D2BE-3EE0-887A-D057E49DAE35} = {8CC95A53-3FD1-321E-A0FD-0918F14ED9DA}
		{AC38F807-265D-3355-B670-1F79B3FC1E6F} = {8CC95A53-3FD1-321E-A0FD-0918F14ED9DA}
		{7DF0DBEC-362F-300F-8A65-3B1CFE82EE73} = {8CC95A53-3FD1-321E-A0FD-0918F14ED9DA}
		{20CE0282-3D28-31C1-9A76-8EB95ED0F98A} = {8CC95A53-3FD1-321E-A0FD-0918F14ED9DA}
		{B29F2CD4-9F18-3DD9-981E-89113BA1347D} = {8CC95A53-3FD1-321E-A0FD-0918F14ED9DA}
		{15A9DEA2-A08B-3ACB-8822-8D4F07C80301} = {8CC95A53-3FD1-321E-A0FD-0918F14ED9DA}
		{FE8CA51B-E3B6-34FB-BE4F-076C32191F8A} = {8CC95A53-3FD1-321E-A0FD-0918F14ED9DA}
		{2462184C-9A3E-3C7A-81E9-473611A77B99} = {8CC95A53-3FD1-321E-A0FD-0918F14ED9DA}
		{5169DA6C-BBB7-39D9-94E8-CF4ACA98552D} = {1ABFD756-B60C-381A-BB96-0067AB022EEB}
		{68EE6B65-544F-36EE-8F84-70E9D410205E} = {1ABFD756-B60C-381A-BB96-0067AB022EEB}
		{A6142016-36F2-3F48-8B49-27ABFA3116C8} = {1ABFD756-B60C-381A-BB96-0067AB022EEB}
		{8E3EC5BF-B88E-375F-A7D6-C707DF7300E0} = {1ABFD756-B60C-381A-BB96-0067AB022EEB}
		{9459AFB6-B255-3E8F-B8C3-37C1339B7B13} = {1ABFD756-B60C-381A-BB96-0067AB022EEB}
		{D2D5BDA0-C2EA-3FE7-8828-487B8A18865C} = {1ABFD756-B60C-381A-BB96-0067AB022EEB}
		{AB558A3C-9AB7-340A-B75C-23C082035342} = {1ABFD756-B60C-381A-BB96-0067AB022EEB}
		{CA4DD269-3203-34E0-AC6D-562D7D306B0B} = {1ABFD756-B60C-381A-BB96-0067AB022EEB}
		{2B3AA5A8-7DA9-3EFF-BDA3-11B4B681B7A5} = {1ABFD756-B60C-381A-BB96-0067AB022EEB}
		{7D7E687B-E08D-3DF0-A1EC-9FA5068D7B56} = {1ABFD756-B60C-381A-BB96-0067AB022EEB}
		{2B324B08-A989-3C93-840C-B5D53D20D1C5} = {1ABFD756-B60C-381A-BB96-0067AB022EEB}
		{8BF966DB-9FDD-35B1-8119-C10EBD6FA9CD} = {1ABFD756-B60C-381A-BB96-0067AB022EEB}
		{71F9DC37-1D76-3C15-86F3-040B5C8C252E} = {1ABFD756-B60C-381A-BB96-0067AB022EEB}
		{F6CE9E1A-9042-30F6-B29F-B3F322AB8C3E} = {1ABFD756-B60C-381A-BB96-0067AB022EEB}
		{BF5A4DB2-6B48-39E2-BF36-8DAADCF20430} = {1ABFD756-B60C-381A-BB96-0067AB022EEB}
	EndGlobalSection
	GlobalSection(ExtensibilityGlobals) = postSolution
		SolutionGuid = {F1AF448A-1502-3538-B23C-2AD5090D3BBC}
	EndGlobalSection
	GlobalSection(ExtensibilityAddIns) = postSolution
	EndGlobalSection
EndGlobal
