<?xml version="1.0" encoding="utf-8"?>
<Project ToolsVersion="16.0" xmlns="http://schemas.microsoft.com/developer/msbuild/2003">
  <ItemGroup>
    <CustomBuild Include="E:\Temp\xerces-c-3.2.3\doc\CMakeLists.txt" />
  </ItemGroup>
  <ItemGroup>
    <None Include="E:\Temp\xerces-c-3.2.3\doc\style\dtd\blocks.ent">
      <Filter>style/dtd</Filter>
    </None>
    <None Include="E:\Temp\xerces-c-3.2.3\doc\style\dtd\characters.ent">
      <Filter>style/dtd</Filter>
    </None>
    <None Include="E:\Temp\xerces-c-3.2.3\doc\style\dtd\entities.ent">
      <Filter>style/dtd</Filter>
    </None>
    <None Include="E:\Temp\xerces-c-3.2.3\doc\style\dtd\links.ent">
      <Filter>style/dtd</Filter>
    </None>
    <None Include="E:\Temp\xerces-c-3.2.3\doc\style\dtd\markup.ent">
      <Filter>style/dtd</Filter>
    </None>
    <None Include="E:\Temp\xerces-c-3.2.3\doc\style\graphics\button-a.gif">
      <Filter>style/graphics</Filter>
    </None>
    <None Include="E:\Temp\xerces-c-3.2.3\doc\style\graphics\button-b.gif">
      <Filter>style/graphics</Filter>
    </None>
    <None Include="E:\Temp\xerces-c-3.2.3\doc\style\graphics\section.gif">
      <Filter>style/graphics</Filter>
    </None>
    <None Include="E:\Temp\xerces-c-3.2.3\doc\style\resources\bottom.gif">
      <Filter>style/resources</Filter>
    </None>
    <None Include="E:\Temp\xerces-c-3.2.3\doc\style\resources\button-asf-hi.gif">
      <Filter>style/resources</Filter>
    </None>
    <None Include="E:\Temp\xerces-c-3.2.3\doc\style\resources\button-asf-lo.gif">
      <Filter>style/resources</Filter>
    </None>
    <None Include="E:\Temp\xerces-c-3.2.3\doc\style\resources\button-w3c-hi.gif">
      <Filter>style/resources</Filter>
    </None>
    <None Include="E:\Temp\xerces-c-3.2.3\doc\style\resources\button-w3c-lo.gif">
      <Filter>style/resources</Filter>
    </None>
    <None Include="E:\Temp\xerces-c-3.2.3\doc\style\resources\button-xml-hi.gif">
      <Filter>style/resources</Filter>
    </None>
    <None Include="E:\Temp\xerces-c-3.2.3\doc\style\resources\button-xml-lo.gif">
      <Filter>style/resources</Filter>
    </None>
    <None Include="E:\Temp\xerces-c-3.2.3\doc\style\resources\close.gif">
      <Filter>style/resources</Filter>
    </None>
    <None Include="E:\Temp\xerces-c-3.2.3\doc\style\resources\dot.gif">
      <Filter>style/resources</Filter>
    </None>
    <None Include="E:\Temp\xerces-c-3.2.3\doc\style\resources\join.gif">
      <Filter>style/resources</Filter>
    </None>
    <None Include="E:\Temp\xerces-c-3.2.3\doc\style\resources\line.gif">
      <Filter>style/resources</Filter>
    </None>
    <None Include="E:\Temp\xerces-c-3.2.3\doc\style\resources\logo.gif">
      <Filter>style/resources</Filter>
    </None>
    <None Include="E:\Temp\xerces-c-3.2.3\doc\style\resources\note.gif">
      <Filter>style/resources</Filter>
    </None>
    <None Include="E:\Temp\xerces-c-3.2.3\doc\style\resources\right.gif">
      <Filter>style/resources</Filter>
    </None>
    <None Include="E:\Temp\xerces-c-3.2.3\doc\style\resources\separator-space.gif">
      <Filter>style/resources</Filter>
    </None>
    <None Include="E:\Temp\xerces-c-3.2.3\doc\style\resources\separator.gif">
      <Filter>style/resources</Filter>
    </None>
    <None Include="E:\Temp\xerces-c-3.2.3\doc\style\resources\void.gif">
      <Filter>style/resources</Filter>
    </None>
    <None Include="E:\Temp\xerces-c-3.2.3\doc\style\stylesheets\any2header.xsl">
      <Filter>style/stylesheets</Filter>
    </None>
    <None Include="E:\Temp\xerces-c-3.2.3\doc\style\stylesheets\any2project.xsl">
      <Filter>style/stylesheets</Filter>
    </None>
    <None Include="E:\Temp\xerces-c-3.2.3\doc\style\stylesheets\book2group.xsl">
      <Filter>style/stylesheets</Filter>
    </None>
    <None Include="E:\Temp\xerces-c-3.2.3\doc\style\stylesheets\book2project.xsl">
      <Filter>style/stylesheets</Filter>
    </None>
    <None Include="E:\Temp\xerces-c-3.2.3\doc\style\stylesheets\changes2document.xsl">
      <Filter>style/stylesheets</Filter>
    </None>
    <None Include="E:\Temp\xerces-c-3.2.3\doc\style\stylesheets\context2footer.xsl">
      <Filter>style/stylesheets</Filter>
    </None>
    <None Include="E:\Temp\xerces-c-3.2.3\doc\style\stylesheets\context2label.xsl">
      <Filter>style/stylesheets</Filter>
    </None>
    <None Include="E:\Temp\xerces-c-3.2.3\doc\style\stylesheets\context2section.xsl">
      <Filter>style/stylesheets</Filter>
    </None>
    <None Include="E:\Temp\xerces-c-3.2.3\doc\style\stylesheets\directory2project.xsl">
      <Filter>style/stylesheets</Filter>
    </None>
    <None Include="E:\Temp\xerces-c-3.2.3\doc\style\stylesheets\document2html.xsl">
      <Filter>style/stylesheets</Filter>
    </None>
    <None Include="E:\Temp\xerces-c-3.2.3\doc\style\stylesheets\faqs2document.xsl">
      <Filter>style/stylesheets</Filter>
    </None>
    <None Include="E:\Temp\xerces-c-3.2.3\doc\style\stylesheets\group2document.xsl">
      <Filter>style/stylesheets</Filter>
    </None>
  </ItemGroup>
  <ItemGroup>
    <XML Include="E:\Temp\xerces-c-3.2.3\doc\style\loader.xml">
      <Filter>style</Filter>
    </XML>
  </ItemGroup>
  <ItemGroup>
    <Filter Include="style">
      <UniqueIdentifier>{9C3478A2-A72A-3DBE-B717-8960AFD254EE}</UniqueIdentifier>
    </Filter>
    <Filter Include="style/dtd">
      <UniqueIdentifier>{15FA96A9-5BB8-3CEE-8E4C-F7580C3F5730}</UniqueIdentifier>
    </Filter>
    <Filter Include="style/graphics">
      <UniqueIdentifier>{05DCD72F-5671-3C0C-913F-25295442AC6A}</UniqueIdentifier>
    </Filter>
    <Filter Include="style/resources">
      <UniqueIdentifier>{CFD8E8F6-DCD6-355C-B65C-61423032EFD9}</UniqueIdentifier>
    </Filter>
    <Filter Include="style/stylesheets">
      <UniqueIdentifier>{026A6CA0-6468-3FF9-90E6-00CB56453F77}</UniqueIdentifier>
    </Filter>
  </ItemGroup>
</Project>
