<?xml version="1.0" encoding="utf-8"?>
<Project ToolsVersion="16.0" xmlns="http://schemas.microsoft.com/developer/msbuild/2003">
  <ItemGroup>
    <CustomBuild Include="E:\Temp\xerces-c-3.2.3\CMakeFiles\f38a019ed07c324c0d823ce7772bbf89\INSTALL_force.rule">
      <Filter>CMake Rules</Filter>
    </CustomBuild>
  </ItemGroup>
  <ItemGroup>
    <Filter Include="CMake Rules">
      <UniqueIdentifier>{C81C3066-7B37-38FC-B150-B9B8A877FBFD}</UniqueIdentifier>
    </Filter>
  </ItemGroup>
</Project>
