<?xml version="1.0" encoding="utf-8"?>
<Project ToolsVersion="16.0" xmlns="http://schemas.microsoft.com/developer/msbuild/2003">
  <ItemGroup>
    <ClCompile Include="E:\Temp\xerces-c-3.2.3\samples\src\StdInParse\StdInParse.cpp">
      <Filter>Source Files</Filter>
    </ClCompile>
    <ClCompile Include="E:\Temp\xerces-c-3.2.3\samples\src\StdInParse\StdInParseHandlers.cpp">
      <Filter>Source Files</Filter>
    </ClCompile>
  </ItemGroup>
  <ItemGroup>
    <ClInclude Include="E:\Temp\xerces-c-3.2.3\samples\src\StdInParse\StdInParse.hpp">
      <Filter>Header Files</Filter>
    </ClInclude>
    <ClInclude Include="E:\Temp\xerces-c-3.2.3\samples\src\StdInParse\StdInParseHandlers.hpp">
      <Filter>Header Files</Filter>
    </ClInclude>
  </ItemGroup>
  <ItemGroup>
    <CustomBuild Include="E:\Temp\xerces-c-3.2.3\samples\CMakeLists.txt" />
  </ItemGroup>
  <ItemGroup>
    <Filter Include="Header Files">
      <UniqueIdentifier>{973941AE-7243-3A9A-84E2-796B84227E3E}</UniqueIdentifier>
    </Filter>
    <Filter Include="Source Files">
      <UniqueIdentifier>{A096C836-601E-3246-8CEA-746CF794DEE2}</UniqueIdentifier>
    </Filter>
  </ItemGroup>
</Project>
